
Microsoft Visual Studio Solution File, Format Version 12.00
# Visual Studio Version 17
VisualStudioVersion = 17.14.36310.24
MinimumVisualStudioVersion = 10.0.40219.1
Project("{FAE04EC0-301F-11D3-BF4B-00C04F79EFBC}") = "ASMDBTest", "ASMDBTest\ASMDBTest.csproj", "{0826E9F2-D0DD-78E2-A3E7-EA3E6B7B222A}"
EndProject
Global
	GlobalSection(SolutionConfigurationPlatforms) = preSolution
		Debug|Any CPU = Debug|Any CPU
		Release|Any CPU = Release|Any CPU
	EndGlobalSection
	GlobalSection(ProjectConfigurationPlatforms) = postSolution
		{0826E9F2-D0DD-78E2-A3E7-EA3E6B7B222A}.Debug|Any CPU.ActiveCfg = Debug|Any CPU
		{0826E9F2-D0DD-78E2-A3E7-EA3E6B7B222A}.Debug|Any CPU.Build.0 = Debug|Any CPU
		{0826E9F2-D0DD-78E2-A3E7-EA3E6B7B222A}.Release|Any CPU.ActiveCfg = Release|Any CPU
		{0826E9F2-D0DD-78E2-A3E7-EA3E6B7B222A}.Release|Any CPU.Build.0 = Release|Any CPU
	EndGlobalSection
	GlobalSection(SolutionProperties) = preSolution
		HideSolutionNode = FALSE
	EndGlobalSection
	GlobalSection(ExtensibilityGlobals) = postSolution
		SolutionGuid = {498FFFBB-F186-42E4-B1E9-98BE9FE7299A}
	EndGlobalSection
EndGlobal
